
Microsoft Visual Studio Solution File, Format Version 12.00
# Visual Studio Version 17
VisualStudioVersion = 17.4.33213.308
MinimumVisualStudioVersion = 10.0.40219.1
Project("{FAE04EC0-301F-11D3-BF4B-00C04F79EFBC}") = "SimpleOsciloscope.UI", "SimpleOsciloscope.UI\SimpleOsciloscope.UI.csproj", "{CE19082C-4EB8-423B-B1E2-E0761D2F93FD}"
EndProject
Project("{FAE04EC0-301F-11D3-BF4B-00C04F79EFBC}") = "SimpleOsciloscope.TestConsole", "SimpleOsciloscope.TestConsole\SimpleOsciloscope.TestConsole.csproj", "{164F0E81-E2C5-48BC-B1BE-F891BE30FC71}"
EndProject
Global
	GlobalSection(SolutionConfigurationPlatforms) = preSolution
		Debug|Any CPU = Debug|Any CPU
		Release|Any CPU = Release|Any CPU
	EndGlobalSection
	GlobalSection(ProjectConfigurationPlatforms) = postSolution
		{CE19082C-4EB8-423B-B1E2-E0761D2F93FD}.Debug|Any CPU.ActiveCfg = Debug|Any CPU
		{CE19082C-4EB8-423B-B1E2-E0761D2F93FD}.Debug|Any CPU.Build.0 = Debug|Any CPU
		{CE19082C-4EB8-423B-B1E2-E0761D2F93FD}.Release|Any CPU.ActiveCfg = Release|Any CPU
		{CE19082C-4EB8-423B-B1E2-E0761D2F93FD}.Release|Any CPU.Build.0 = Release|Any CPU
		{164F0E81-E2C5-48BC-B1BE-F891BE30FC71}.Debug|Any CPU.ActiveCfg = Debug|Any CPU
		{164F0E81-E2C5-48BC-B1BE-F891BE30FC71}.Debug|Any CPU.Build.0 = Debug|Any CPU
		{164F0E81-E2C5-48BC-B1BE-F891BE30FC71}.Release|Any CPU.ActiveCfg = Release|Any CPU
		{164F0E81-E2C5-48BC-B1BE-F891BE30FC71}.Release|Any CPU.Build.0 = Release|Any CPU
	EndGlobalSection
	GlobalSection(SolutionProperties) = preSolution
		HideSolutionNode = FALSE
	EndGlobalSection
	GlobalSection(ExtensibilityGlobals) = postSolution
		SolutionGuid = {100CEC4D-5B36-43D2-B6A3-0A1BA1BB7FE6}
	EndGlobalSection
EndGlobal
